// !$*UTF8*$!
{
	archiveVersion = 1;
	classes = {
	};
	objectVersion = 55;
	objects = {

/* Begin PBXBuildFile section */
		5B3A021927C008820053321C /* frequency_tables.json in Sources */ = {isa = PBXBuildFile; fileRef = 5B564D5F279F0FB10065E08C /* frequency_tables.json */; };
		5B3A021A27C00A540053321C /* frequency_tables.json in Resources */ = {isa = PBXBuildFile; fileRef = 5B564D5F279F0FB10065E08C /* frequency_tables.json */; };
		5B564D45279F0F5C0065E08C /* ToneListen.docc in Sources */ = {isa = PBXBuildFile; fileRef = 5B564D44279F0F5C0065E08C /* ToneListen.docc */; };
		5B564D4B279F0F5C0065E08C /* ToneListen.framework in Frameworks */ = {isa = PBXBuildFile; fileRef = 5B564D40279F0F5C0065E08C /* ToneListen.framework */; };
		5B564D50279F0F5C0065E08C /* ToneListenTests.swift in Sources */ = {isa = PBXBuildFile; fileRef = 5B564D4F279F0F5C0065E08C /* ToneListenTests.swift */; };
		5B564D51279F0F5C0065E08C /* ToneListen.h in Headers */ = {isa = PBXBuildFile; fileRef = 5B564D43279F0F5C0065E08C /* ToneListen.h */; settings = {ATTRIBUTES = (Public, ); }; };
		5B564D6A279F0FB10065E08C /* ToneTable.swift in Sources */ = {isa = PBXBuildFile; fileRef = 5B564D5A279F0FB10065E08C /* ToneTable.swift */; };
		5B564D6C279F0FB10065E08C /* UIDevice.swift in Sources */ = {isa = PBXBuildFile; fileRef = 5B564D5C279F0FB10065E08C /* UIDevice.swift */; };
		5B564D6D279F0FB10065E08C /* Queue.swift in Sources */ = {isa = PBXBuildFile; fileRef = 5B564D5D279F0FB10065E08C /* Queue.swift */; };
		5B564D6E279F0FB10065E08C /* NotificationsHandler.swift in Sources */ = {isa = PBXBuildFile; fileRef = 5B564D5E279F0FB10065E08C /* NotificationsHandler.swift */; };
		5B564D70279F0FB10065E08C /* SwiftRecognizer.swift in Sources */ = {isa = PBXBuildFile; fileRef = 5B564D60279F0FB10065E08C /* SwiftRecognizer.swift */; };
		5B564D71279F0FB10065E08C /* ToneFrameworkClient.swift in Sources */ = {isa = PBXBuildFile; fileRef = 5B564D61279F0FB10065E08C /* ToneFrameworkClient.swift */; };
		5B564D72279F0FB10065E08C /* ToneFrameworkManager.swift in Sources */ = {isa = PBXBuildFile; fileRef = 5B564D62279F0FB10065E08C /* ToneFrameworkManager.swift */; };
		5B564D73279F0FB10065E08C /* Obvserver.swift in Sources */ = {isa = PBXBuildFile; fileRef = 5B564D64279F0FB10065E08C /* Obvserver.swift */; };
		5B564D74279F0FB10065E08C /* RemoteService.swift in Sources */ = {isa = PBXBuildFile; fileRef = 5B564D65279F0FB10065E08C /* RemoteService.swift */; };
		5B564D76279F0FB10065E08C /* Tuner.swift in Sources */ = {isa = PBXBuildFile; fileRef = 5B564D67279F0FB10065E08C /* Tuner.swift */; };
		5B564D77279F0FB10065E08C /* GoertzelTap.swift in Sources */ = {isa = PBXBuildFile; fileRef = 5B564D68279F0FB10065E08C /* GoertzelTap.swift */; };
		5B564D78279F0FB10065E08C /* ToneAPI.swift in Sources */ = {isa = PBXBuildFile; fileRef = 5B564D69279F0FB10065E08C /* ToneAPI.swift */; };
		5B564D7B279F10A40065E08C /* AudioKit in Frameworks */ = {isa = PBXBuildFile; productRef = 5B564D7A279F10A40065E08C /* AudioKit */; };
		5B564D81279F10BE0065E08C /* DunneAudioKit in Frameworks */ = {isa = PBXBuildFile; productRef = 5B564D80279F10BE0065E08C /* DunneAudioKit */; };
		5B564D84279F10C50065E08C /* KissFFT in Frameworks */ = {isa = PBXBuildFile; productRef = 5B564D83279F10C50065E08C /* KissFFT */; };
		5B564D87279F10D40065E08C /* STKAudioKit in Frameworks */ = {isa = PBXBuildFile; productRef = 5B564D86279F10D40065E08C /* STKAudioKit */; };
		5B564D8A279F10DE0065E08C /* SoundpipeAudioKit in Frameworks */ = {isa = PBXBuildFile; productRef = 5B564D89279F10DE0065E08C /* SoundpipeAudioKit */; };
		5B564D8D279F10F60065E08C /* GenericJSON in Frameworks */ = {isa = PBXBuildFile; productRef = 5B564D8C279F10F60065E08C /* GenericJSON */; };
		5B564D91279F11550065E08C /* SwiftLocation in Frameworks */ = {isa = PBXBuildFile; productRef = 5B564D90279F11550065E08C /* SwiftLocation */; };
		5B564DAE279F15170065E08C /* AudioKitEX in Frameworks */ = {isa = PBXBuildFile; productRef = 5B564DAD279F15170065E08C /* AudioKitEX */; };
		9E47BD1F2B591079005FC105 /* AudioKitUI in Frameworks */ = {isa = PBXBuildFile; productRef = 9E47BD1E2B591079005FC105 /* AudioKitUI */; };
/* End PBXBuildFile section */

/* Begin PBXContainerItemProxy section */
		5B564D4C279F0F5C0065E08C /* PBXContainerItemProxy */ = {
			isa = PBXContainerItemProxy;
			containerPortal = 5B564D37279F0F5C0065E08C /* Project object */;
			proxyType = 1;
			remoteGlobalIDString = 5B564D3F279F0F5C0065E08C;
			remoteInfo = ToneListen;
		};
/* End PBXContainerItemProxy section */

/* Begin PBXFileReference section */
		5B564D40279F0F5C0065E08C /* ToneListen.framework */ = {isa = PBXFileReference; explicitFileType = wrapper.framework; includeInIndex = 0; path = ToneListen.framework; sourceTree = BUILT_PRODUCTS_DIR; };
		5B564D43279F0F5C0065E08C /* ToneListen.h */ = {isa = PBXFileReference; lastKnownFileType = sourcecode.c.h; path = ToneListen.h; sourceTree = "<group>"; };
		5B564D44279F0F5C0065E08C /* ToneListen.docc */ = {isa = PBXFileReference; lastKnownFileType = folder.documentationcatalog; path = ToneListen.docc; sourceTree = "<group>"; };
		5B564D4A279F0F5C0065E08C /* ToneListenTests.xctest */ = {isa = PBXFileReference; explicitFileType = wrapper.cfbundle; includeInIndex = 0; path = ToneListenTests.xctest; sourceTree = BUILT_PRODUCTS_DIR; };
		5B564D4F279F0F5C0065E08C /* ToneListenTests.swift */ = {isa = PBXFileReference; lastKnownFileType = sourcecode.swift; path = ToneListenTests.swift; sourceTree = "<group>"; };
		5B564D5A279F0FB10065E08C /* ToneTable.swift */ = {isa = PBXFileReference; fileEncoding = 4; lastKnownFileType = sourcecode.swift; path = ToneTable.swift; sourceTree = "<group>"; };
		5B564D5C279F0FB10065E08C /* UIDevice.swift */ = {isa = PBXFileReference; fileEncoding = 4; lastKnownFileType = sourcecode.swift; path = UIDevice.swift; sourceTree = "<group>"; };
		5B564D5D279F0FB10065E08C /* Queue.swift */ = {isa = PBXFileReference; fileEncoding = 4; lastKnownFileType = sourcecode.swift; path = Queue.swift; sourceTree = "<group>"; };
		5B564D5E279F0FB10065E08C /* NotificationsHandler.swift */ = {isa = PBXFileReference; fileEncoding = 4; lastKnownFileType = sourcecode.swift; path = NotificationsHandler.swift; sourceTree = "<group>"; };
		5B564D5F279F0FB10065E08C /* frequency_tables.json */ = {isa = PBXFileReference; fileEncoding = 4; lastKnownFileType = text.json; path = frequency_tables.json; sourceTree = "<group>"; };
		5B564D60279F0FB10065E08C /* SwiftRecognizer.swift */ = {isa = PBXFileReference; fileEncoding = 4; lastKnownFileType = sourcecode.swift; path = SwiftRecognizer.swift; sourceTree = "<group>"; };
		5B564D61279F0FB10065E08C /* ToneFrameworkClient.swift */ = {isa = PBXFileReference; fileEncoding = 4; lastKnownFileType = sourcecode.swift; path = ToneFrameworkClient.swift; sourceTree = "<group>"; };
		5B564D62279F0FB10065E08C /* ToneFrameworkManager.swift */ = {isa = PBXFileReference; fileEncoding = 4; lastKnownFileType = sourcecode.swift; path = ToneFrameworkManager.swift; sourceTree = "<group>"; };
		5B564D64279F0FB10065E08C /* Obvserver.swift */ = {isa = PBXFileReference; fileEncoding = 4; lastKnownFileType = sourcecode.swift; path = Obvserver.swift; sourceTree = "<group>"; };
		5B564D65279F0FB10065E08C /* RemoteService.swift */ = {isa = PBXFileReference; fileEncoding = 4; lastKnownFileType = sourcecode.swift; path = RemoteService.swift; sourceTree = "<group>"; };
		5B564D67279F0FB10065E08C /* Tuner.swift */ = {isa = PBXFileReference; fileEncoding = 4; lastKnownFileType = sourcecode.swift; path = Tuner.swift; sourceTree = "<group>"; };
		5B564D68279F0FB10065E08C /* GoertzelTap.swift */ = {isa = PBXFileReference; fileEncoding = 4; lastKnownFileType = sourcecode.swift; path = GoertzelTap.swift; sourceTree = "<group>"; };
		5B564D69279F0FB10065E08C /* ToneAPI.swift */ = {isa = PBXFileReference; fileEncoding = 4; lastKnownFileType = sourcecode.swift; path = ToneAPI.swift; sourceTree = "<group>"; };
/* End PBXFileReference section */

/* Begin PBXFrameworksBuildPhase section */
		5B564D3D279F0F5C0065E08C /* Frameworks */ = {
			isa = PBXFrameworksBuildPhase;
			buildActionMask = 2147483647;
			files = (
				5B564D87279F10D40065E08C /* STKAudioKit in Frameworks */,
				9E47BD1F2B591079005FC105 /* AudioKitUI in Frameworks */,
				5B564D8A279F10DE0065E08C /* SoundpipeAudioKit in Frameworks */,
				5B564DAE279F15170065E08C /* AudioKitEX in Frameworks */,
				5B564D91279F11550065E08C /* SwiftLocation in Frameworks */,
				5B564D84279F10C50065E08C /* KissFFT in Frameworks */,
				5B564D7B279F10A40065E08C /* AudioKit in Frameworks */,
				5B564D8D279F10F60065E08C /* GenericJSON in Frameworks */,
				5B564D81279F10BE0065E08C /* DunneAudioKit in Frameworks */,
			);
			runOnlyForDeploymentPostprocessing = 0;
		};
		5B564D47279F0F5C0065E08C /* Frameworks */ = {
			isa = PBXFrameworksBuildPhase;
			buildActionMask = 2147483647;
			files = (
				5B564D4B279F0F5C0065E08C /* ToneListen.framework in Frameworks */,
			);
			runOnlyForDeploymentPostprocessing = 0;
		};
/* End PBXFrameworksBuildPhase section */

/* Begin PBXGroup section */
		5B564D36279F0F5C0065E08C = {
			isa = PBXGroup;
			children = (
				5B564D42279F0F5C0065E08C /* ToneListen */,
				5B564D4E279F0F5C0065E08C /* ToneListenTests */,
				5B564D41279F0F5C0065E08C /* Products */,
				5B564D8F279F11550065E08C /* Frameworks */,
			);
			sourceTree = "<group>";
		};
		5B564D41279F0F5C0065E08C /* Products */ = {
			isa = PBXGroup;
			children = (
				5B564D40279F0F5C0065E08C /* ToneListen.framework */,
				5B564D4A279F0F5C0065E08C /* ToneListenTests.xctest */,
			);
			name = Products;
			sourceTree = "<group>";
		};
		5B564D42279F0F5C0065E08C /* ToneListen */ = {
			isa = PBXGroup;
			children = (
				5B564D5F279F0FB10065E08C /* frequency_tables.json */,
				5B564D68279F0FB10065E08C /* GoertzelTap.swift */,
				5B564D5E279F0FB10065E08C /* NotificationsHandler.swift */,
				5B564D63279F0FB10065E08C /* observer */,
				5B564D5D279F0FB10065E08C /* Queue.swift */,
				5B564D65279F0FB10065E08C /* RemoteService.swift */,
				5B564D60279F0FB10065E08C /* SwiftRecognizer.swift */,
				5B564D69279F0FB10065E08C /* ToneAPI.swift */,
				5B564D61279F0FB10065E08C /* ToneFrameworkClient.swift */,
				5B564D62279F0FB10065E08C /* ToneFrameworkManager.swift */,
				5B564D5A279F0FB10065E08C /* ToneTable.swift */,
				5B564D67279F0FB10065E08C /* Tuner.swift */,
				5B564D5C279F0FB10065E08C /* UIDevice.swift */,
				5B564D43279F0F5C0065E08C /* ToneListen.h */,
				5B564D44279F0F5C0065E08C /* ToneListen.docc */,
			);
			path = ToneListen;
			sourceTree = "<group>";
		};
		5B564D4E279F0F5C0065E08C /* ToneListenTests */ = {
			isa = PBXGroup;
			children = (
				5B564D4F279F0F5C0065E08C /* ToneListenTests.swift */,
			);
			path = ToneListenTests;
			sourceTree = "<group>";
		};
		5B564D63279F0FB10065E08C /* observer */ = {
			isa = PBXGroup;
			children = (
				5B564D64279F0FB10065E08C /* Obvserver.swift */,
			);
			path = observer;
			sourceTree = "<group>";
		};
		5B564D8F279F11550065E08C /* Frameworks */ = {
			isa = PBXGroup;
			children = (
			);
			name = Frameworks;
			sourceTree = "<group>";
		};
/* End PBXGroup section */

/* Begin PBXHeadersBuildPhase section */
		5B564D3B279F0F5C0065E08C /* Headers */ = {
			isa = PBXHeadersBuildPhase;
			buildActionMask = 2147483647;
			files = (
				5B564D51279F0F5C0065E08C /* ToneListen.h in Headers */,
			);
			runOnlyForDeploymentPostprocessing = 0;
		};
/* End PBXHeadersBuildPhase section */

/* Begin PBXNativeTarget section */
		5B564D3F279F0F5C0065E08C /* ToneListen */ = {
			isa = PBXNativeTarget;
			buildConfigurationList = 5B564D54279F0F5C0065E08C /* Build configuration list for PBXNativeTarget "ToneListen" */;
			buildPhases = (
				5B564D3B279F0F5C0065E08C /* Headers */,
				5B564D3C279F0F5C0065E08C /* Sources */,
				5B564D3D279F0F5C0065E08C /* Frameworks */,
				5B564D3E279F0F5C0065E08C /* Resources */,
			);
			buildRules = (
			);
			dependencies = (
			);
			name = ToneListen;
			packageProductDependencies = (
				5B564D7A279F10A40065E08C /* AudioKit */,
				5B564D80279F10BE0065E08C /* DunneAudioKit */,
				5B564D83279F10C50065E08C /* KissFFT */,
				5B564D86279F10D40065E08C /* STKAudioKit */,
				5B564D89279F10DE0065E08C /* SoundpipeAudioKit */,
				5B564D8C279F10F60065E08C /* GenericJSON */,
				5B564D90279F11550065E08C /* SwiftLocation */,
				5B564DAD279F15170065E08C /* AudioKitEX */,
				9E47BD1E2B591079005FC105 /* AudioKitUI */,
			);
			productName = ToneListen;
			productReference = 5B564D40279F0F5C0065E08C /* ToneListen.framework */;
			productType = "com.apple.product-type.framework";
		};
		5B564D49279F0F5C0065E08C /* ToneListenTests */ = {
			isa = PBXNativeTarget;
			buildConfigurationList = 5B564D57279F0F5C0065E08C /* Build configuration list for PBXNativeTarget "ToneListenTests" */;
			buildPhases = (
				5B564D46279F0F5C0065E08C /* Sources */,
				5B564D47279F0F5C0065E08C /* Frameworks */,
				5B564D48279F0F5C0065E08C /* Resources */,
			);
			buildRules = (
			);
			dependencies = (
				5B564D4D279F0F5C0065E08C /* PBXTargetDependency */,
			);
			name = ToneListenTests;
			productName = ToneListenTests;
			productReference = 5B564D4A279F0F5C0065E08C /* ToneListenTests.xctest */;
			productType = "com.apple.product-type.bundle.unit-test";
		};
/* End PBXNativeTarget section */

/* Begin PBXProject section */
		5B564D37279F0F5C0065E08C /* Project object */ = {
			isa = PBXProject;
			attributes = {
				BuildIndependentTargetsInParallel = 1;
				LastSwiftUpdateCheck = 1320;
				LastUpgradeCheck = 1320;
				TargetAttributes = {
					5B564D3F279F0F5C0065E08C = {
						CreatedOnToolsVersion = 13.2.1;
					};
					5B564D49279F0F5C0065E08C = {
						CreatedOnToolsVersion = 13.2.1;
					};
				};
			};
			buildConfigurationList = 5B564D3A279F0F5C0065E08C /* Build configuration list for PBXProject "ToneListen" */;
			compatibilityVersion = "Xcode 13.0";
			developmentRegion = en;
			hasScannedForEncodings = 0;
			knownRegions = (
				en,
				Base,
			);
			mainGroup = 5B564D36279F0F5C0065E08C;
			packageReferences = (
				5B564D79279F10A40065E08C /* XCRemoteSwiftPackageReference "AudioKit" */,
				5B564D7F279F10BE0065E08C /* XCRemoteSwiftPackageReference "DunneAudioKit" */,
				5B564D82279F10C50065E08C /* XCRemoteSwiftPackageReference "KissFFT" */,
				5B564D85279F10D40065E08C /* XCRemoteSwiftPackageReference "STKAudioKit" */,
				5B564D88279F10DE0065E08C /* XCRemoteSwiftPackageReference "SoundpipeAudioKit" */,
				5B564D8B279F10F60065E08C /* XCRemoteSwiftPackageReference "generic-json-swift" */,
				5B564D8E279F11030065E08C /* XCRemoteSwiftPackageReference "SwiftLocation" */,
				5B564DAC279F15170065E08C /* XCRemoteSwiftPackageReference "AudioKitEX" */,
				9E47BD1D2B591079005FC105 /* XCRemoteSwiftPackageReference "AudioKitUI" */,
			);
			productRefGroup = 5B564D41279F0F5C0065E08C /* Products */;
			projectDirPath = "";
			projectRoot = "";
			targets = (
				5B564D3F279F0F5C0065E08C /* ToneListen */,
				5B564D49279F0F5C0065E08C /* ToneListenTests */,
			);
		};
/* End PBXProject section */

/* Begin PBXResourcesBuildPhase section */
		5B564D3E279F0F5C0065E08C /* Resources */ = {
			isa = PBXResourcesBuildPhase;
			buildActionMask = 2147483647;
			files = (
				5B3A021A27C00A540053321C /* frequency_tables.json in Resources */,
			);
			runOnlyForDeploymentPostprocessing = 0;
		};
		5B564D48279F0F5C0065E08C /* Resources */ = {
			isa = PBXResourcesBuildPhase;
			buildActionMask = 2147483647;
			files = (
			);
			runOnlyForDeploymentPostprocessing = 0;
		};
/* End PBXResourcesBuildPhase section */

/* Begin PBXSourcesBuildPhase section */
		5B564D3C279F0F5C0065E08C /* Sources */ = {
			isa = PBXSourcesBuildPhase;
			buildActionMask = 2147483647;
			files = (
				5B3A021927C008820053321C /* frequency_tables.json in Sources */,
				5B564D70279F0FB10065E08C /* SwiftRecognizer.swift in Sources */,
				5B564D6D279F0FB10065E08C /* Queue.swift in Sources */,
				5B564D6A279F0FB10065E08C /* ToneTable.swift in Sources */,
				5B564D74279F0FB10065E08C /* RemoteService.swift in Sources */,
				5B564D76279F0FB10065E08C /* Tuner.swift in Sources */,
				5B564D45279F0F5C0065E08C /* ToneListen.docc in Sources */,
				5B564D6C279F0FB10065E08C /* UIDevice.swift in Sources */,
				5B564D78279F0FB10065E08C /* ToneAPI.swift in Sources */,
				5B564D73279F0FB10065E08C /* Obvserver.swift in Sources */,
				5B564D6E279F0FB10065E08C /* NotificationsHandler.swift in Sources */,
				5B564D77279F0FB10065E08C /* GoertzelTap.swift in Sources */,
				5B564D72279F0FB10065E08C /* ToneFrameworkManager.swift in Sources */,
				5B564D71279F0FB10065E08C /* ToneFrameworkClient.swift in Sources */,
			);
			runOnlyForDeploymentPostprocessing = 0;
		};
		5B564D46279F0F5C0065E08C /* Sources */ = {
			isa = PBXSourcesBuildPhase;
			buildActionMask = 2147483647;
			files = (
				5B564D50279F0F5C0065E08C /* ToneListenTests.swift in Sources */,
			);
			runOnlyForDeploymentPostprocessing = 0;
		};
/* End PBXSourcesBuildPhase section */

/* Begin PBXTargetDependency section */
		5B564D4D279F0F5C0065E08C /* PBXTargetDependency */ = {
			isa = PBXTargetDependency;
			target = 5B564D3F279F0F5C0065E08C /* ToneListen */;
			targetProxy = 5B564D4C279F0F5C0065E08C /* PBXContainerItemProxy */;
		};
/* End PBXTargetDependency section */

/* Begin XCBuildConfiguration section */
		5B564D52279F0F5C0065E08C /* Debug */ = {
			isa = XCBuildConfiguration;
			buildSettings = {
				ALWAYS_SEARCH_USER_PATHS = NO;
				BUILD_LIBRARY_FOR_DISTRIBUTION = YES;
				CLANG_ANALYZER_NONNULL = YES;
				CLANG_ANALYZER_NUMBER_OBJECT_CONVERSION = YES_AGGRESSIVE;
				CLANG_CXX_LANGUAGE_STANDARD = "gnu++17";
				CLANG_CXX_LIBRARY = "libc++";
				CLANG_ENABLE_MODULES = YES;
				CLANG_ENABLE_OBJC_ARC = YES;
				CLANG_ENABLE_OBJC_WEAK = YES;
				CLANG_WARN_BLOCK_CAPTURE_AUTORELEASING = YES;
				CLANG_WARN_BOOL_CONVERSION = YES;
				CLANG_WARN_COMMA = YES;
				CLANG_WARN_CONSTANT_CONVERSION = YES;
				CLANG_WARN_DEPRECATED_OBJC_IMPLEMENTATIONS = YES;
				CLANG_WARN_DIRECT_OBJC_ISA_USAGE = YES_ERROR;
				CLANG_WARN_DOCUMENTATION_COMMENTS = YES;
				CLANG_WARN_EMPTY_BODY = YES;
				CLANG_WARN_ENUM_CONVERSION = YES;
				CLANG_WARN_INFINITE_RECURSION = YES;
				CLANG_WARN_INT_CONVERSION = YES;
				CLANG_WARN_NON_LITERAL_NULL_CONVERSION = YES;
				CLANG_WARN_OBJC_IMPLICIT_RETAIN_SELF = YES;
				CLANG_WARN_OBJC_LITERAL_CONVERSION = YES;
				CLANG_WARN_OBJC_ROOT_CLASS = YES_ERROR;
				CLANG_WARN_QUOTED_INCLUDE_IN_FRAMEWORK_HEADER = YES;
				CLANG_WARN_RANGE_LOOP_ANALYSIS = YES;
				CLANG_WARN_STRICT_PROTOTYPES = YES;
				CLANG_WARN_SUSPICIOUS_MOVE = YES;
				CLANG_WARN_UNGUARDED_AVAILABILITY = YES_AGGRESSIVE;
				CLANG_WARN_UNREACHABLE_CODE = YES;
				CLANG_WARN__DUPLICATE_METHOD_MATCH = YES;
				COPY_PHASE_STRIP = NO;
				CURRENT_PROJECT_VERSION = 1;
				DEBUG_INFORMATION_FORMAT = dwarf;
				ENABLE_STRICT_OBJC_MSGSEND = YES;
				ENABLE_TESTABILITY = YES;
				GCC_C_LANGUAGE_STANDARD = gnu11;
				GCC_DYNAMIC_NO_PIC = NO;
				GCC_NO_COMMON_BLOCKS = YES;
				GCC_OPTIMIZATION_LEVEL = 0;
				GCC_PREPROCESSOR_DEFINITIONS = (
					"DEBUG=1",
					"$(inherited)",
				);
				GCC_WARN_64_TO_32_BIT_CONVERSION = YES;
				GCC_WARN_ABOUT_RETURN_TYPE = YES_ERROR;
				GCC_WARN_UNDECLARED_SELECTOR = YES;
				GCC_WARN_UNINITIALIZED_AUTOS = YES_AGGRESSIVE;
				GCC_WARN_UNUSED_FUNCTION = YES;
				GCC_WARN_UNUSED_VARIABLE = YES;
				IPHONEOS_DEPLOYMENT_TARGET = 15.2;
				MTL_ENABLE_DEBUG_INFO = INCLUDE_SOURCE;
				MTL_FAST_MATH = YES;
				ONLY_ACTIVE_ARCH = YES;
				SDKROOT = iphoneos;
				SWIFT_ACTIVE_COMPILATION_CONDITIONS = DEBUG;
				SWIFT_OPTIMIZATION_LEVEL = "-Onone";
				VERSIONING_SYSTEM = "apple-generic";
				VERSION_INFO_PREFIX = "";
			};
			name = Debug;
		};
		5B564D53279F0F5C0065E08C /* Release */ = {
			isa = XCBuildConfiguration;
			buildSettings = {
				ALWAYS_SEARCH_USER_PATHS = NO;
				BUILD_LIBRARY_FOR_DISTRIBUTION = YES;
				CLANG_ANALYZER_NONNULL = YES;
				CLANG_ANALYZER_NUMBER_OBJECT_CONVERSION = YES_AGGRESSIVE;
				CLANG_CXX_LANGUAGE_STANDARD = "gnu++17";
				CLANG_CXX_LIBRARY = "libc++";
				CLANG_ENABLE_MODULES = YES;
				CLANG_ENABLE_OBJC_ARC = YES;
				CLANG_ENABLE_OBJC_WEAK = YES;
				CLANG_WARN_BLOCK_CAPTURE_AUTORELEASING = YES;
				CLANG_WARN_BOOL_CONVERSION = YES;
				CLANG_WARN_COMMA = YES;
				CLANG_WARN_CONSTANT_CONVERSION = YES;
				CLANG_WARN_DEPRECATED_OBJC_IMPLEMENTATIONS = YES;
				CLANG_WARN_DIRECT_OBJC_ISA_USAGE = YES_ERROR;
				CLANG_WARN_DOCUMENTATION_COMMENTS = YES;
				CLANG_WARN_EMPTY_BODY = YES;
				CLANG_WARN_ENUM_CONVERSION = YES;
				CLANG_WARN_INFINITE_RECURSION = YES;
				CLANG_WARN_INT_CONVERSION = YES;
				CLANG_WARN_NON_LITERAL_NULL_CONVERSION = YES;
				CLANG_WARN_OBJC_IMPLICIT_RETAIN_SELF = YES;
				CLANG_WARN_OBJC_LITERAL_CONVERSION = YES;
				CLANG_WARN_OBJC_ROOT_CLASS = YES_ERROR;
				CLANG_WARN_QUOTED_INCLUDE_IN_FRAMEWORK_HEADER = YES;
				CLANG_WARN_RANGE_LOOP_ANALYSIS = YES;
				CLANG_WARN_STRICT_PROTOTYPES = YES;
				CLANG_WARN_SUSPICIOUS_MOVE = YES;
				CLANG_WARN_UNGUARDED_AVAILABILITY = YES_AGGRESSIVE;
				CLANG_WARN_UNREACHABLE_CODE = YES;
				CLANG_WARN__DUPLICATE_METHOD_MATCH = YES;
				COPY_PHASE_STRIP = NO;
				CURRENT_PROJECT_VERSION = 1;
				DEBUG_INFORMATION_FORMAT = "dwarf-with-dsym";
				ENABLE_NS_ASSERTIONS = NO;
				ENABLE_STRICT_OBJC_MSGSEND = YES;
				GCC_C_LANGUAGE_STANDARD = gnu11;
				GCC_NO_COMMON_BLOCKS = YES;
				GCC_WARN_64_TO_32_BIT_CONVERSION = YES;
				GCC_WARN_ABOUT_RETURN_TYPE = YES_ERROR;
				GCC_WARN_UNDECLARED_SELECTOR = YES;
				GCC_WARN_UNINITIALIZED_AUTOS = YES_AGGRESSIVE;
				GCC_WARN_UNUSED_FUNCTION = YES;
				GCC_WARN_UNUSED_VARIABLE = YES;
				IPHONEOS_DEPLOYMENT_TARGET = 15.2;
				MTL_ENABLE_DEBUG_INFO = NO;
				MTL_FAST_MATH = YES;
				SDKROOT = iphoneos;
				SWIFT_COMPILATION_MODE = wholemodule;
				SWIFT_OPTIMIZATION_LEVEL = "-O";
				VALIDATE_PRODUCT = YES;
				VERSIONING_SYSTEM = "apple-generic";
				VERSION_INFO_PREFIX = "";
			};
			name = Release;
		};
		5B564D55279F0F5C0065E08C /* Debug */ = {
			isa = XCBuildConfiguration;
			buildSettings = {
				BUILD_LIBRARY_FOR_DISTRIBUTION = YES;
				CODE_SIGN_STYLE = Automatic;
				CURRENT_PROJECT_VERSION = 1;
				DEFINES_MODULE = YES;
				DEVELOPMENT_TEAM = N6J733ZXDX;
				DYLIB_COMPATIBILITY_VERSION = 1;
				DYLIB_CURRENT_VERSION = 1;
				DYLIB_INSTALL_NAME_BASE = "@rpath";
				GENERATE_INFOPLIST_FILE = YES;
				INFOPLIST_KEY_NSHumanReadableCopyright = "";
				INSTALL_PATH = "$(LOCAL_LIBRARY_DIR)/Frameworks";
				IPHONEOS_DEPLOYMENT_TARGET = 15.2;
				LD_RUNPATH_SEARCH_PATHS = (
					"$(inherited)",
					"@executable_path/Frameworks",
					"@loader_path/Frameworks",
				);
				MARKETING_VERSION = 1.0;
				PRODUCT_BUNDLE_IDENTIFIER = tone.example.br.ToneListen;
				PRODUCT_NAME = "$(TARGET_NAME:c99extidentifier)";
				SKIP_INSTALL = YES;
				SUPPORTED_PLATFORMS = "iphoneos iphonesimulator";
				SUPPORTS_MACCATALYST = NO;
				SUPPORTS_MAC_DESIGNED_FOR_IPHONE_IPAD = NO;
				SWIFT_EMIT_LOC_STRINGS = YES;
				SWIFT_VERSION = 5.0;
				TARGETED_DEVICE_FAMILY = 1;
			};
			name = Debug;
		};
		5B564D56279F0F5C0065E08C /* Release */ = {
			isa = XCBuildConfiguration;
			buildSettings = {
				BUILD_LIBRARY_FOR_DISTRIBUTION = YES;
				CODE_SIGN_STYLE = Automatic;
				CURRENT_PROJECT_VERSION = 1;
				DEFINES_MODULE = YES;
				DEVELOPMENT_TEAM = N6J733ZXDX;
				DYLIB_COMPATIBILITY_VERSION = 1;
				DYLIB_CURRENT_VERSION = 1;
				DYLIB_INSTALL_NAME_BASE = "@rpath";
				GENERATE_INFOPLIST_FILE = YES;
				INFOPLIST_KEY_NSHumanReadableCopyright = "";
				INSTALL_PATH = "$(LOCAL_LIBRARY_DIR)/Frameworks";
				IPHONEOS_DEPLOYMENT_TARGET = 15.2;
				LD_RUNPATH_SEARCH_PATHS = (
					"$(inherited)",
					"@executable_path/Frameworks",
					"@loader_path/Frameworks",
				);
				MARKETING_VERSION = 1.0;
				PRODUCT_BUNDLE_IDENTIFIER = tone.example.br.ToneListen;
				PRODUCT_NAME = "$(TARGET_NAME:c99extidentifier)";
				SKIP_INSTALL = YES;
				SUPPORTED_PLATFORMS = "iphoneos iphonesimulator";
				SUPPORTS_MACCATALYST = NO;
				SUPPORTS_MAC_DESIGNED_FOR_IPHONE_IPAD = NO;
				SWIFT_EMIT_LOC_STRINGS = YES;
				SWIFT_VERSION = 5.0;
				TARGETED_DEVICE_FAMILY = 1;
			};
			name = Release;
		};
		5B564D58279F0F5C0065E08C /* Debug */ = {
			isa = XCBuildConfiguration;
			buildSettings = {
				ALWAYS_EMBED_SWIFT_STANDARD_LIBRARIES = YES;
				CODE_SIGN_STYLE = Automatic;
				CURRENT_PROJECT_VERSION = 1;
				DEVELOPMENT_TEAM = N6J733ZXDX;
				GENERATE_INFOPLIST_FILE = YES;
				MARKETING_VERSION = 1.0;
				PRODUCT_BUNDLE_IDENTIFIER = tone.example.br.ToneListenTests;
				PRODUCT_NAME = "$(TARGET_NAME)";
				SWIFT_EMIT_LOC_STRINGS = NO;
				SWIFT_VERSION = 5.0;
				TARGETED_DEVICE_FAMILY = "1,2";
			};
			name = Debug;
		};
		5B564D59279F0F5C0065E08C /* Release */ = {
			isa = XCBuildConfiguration;
			buildSettings = {
				ALWAYS_EMBED_SWIFT_STANDARD_LIBRARIES = YES;
				CODE_SIGN_STYLE = Automatic;
				CURRENT_PROJECT_VERSION = 1;
				DEVELOPMENT_TEAM = N6J733ZXDX;
				GENERATE_INFOPLIST_FILE = YES;
				MARKETING_VERSION = 1.0;
				PRODUCT_BUNDLE_IDENTIFIER = tone.example.br.ToneListenTests;
				PRODUCT_NAME = "$(TARGET_NAME)";
				SWIFT_EMIT_LOC_STRINGS = NO;
				SWIFT_VERSION = 5.0;
				TARGETED_DEVICE_FAMILY = "1,2";
			};
			name = Release;
		};
/* End XCBuildConfiguration section */

/* Begin XCConfigurationList section */
		5B564D3A279F0F5C0065E08C /* Build configuration list for PBXProject "ToneListen" */ = {
			isa = XCConfigurationList;
			buildConfigurations = (
				5B564D52279F0F5C0065E08C /* Debug */,
				5B564D53279F0F5C0065E08C /* Release */,
			);
			defaultConfigurationIsVisible = 0;
			defaultConfigurationName = Release;
		};
		5B564D54279F0F5C0065E08C /* Build configuration list for PBXNativeTarget "ToneListen" */ = {
			isa = XCConfigurationList;
			buildConfigurations = (
				5B564D55279F0F5C0065E08C /* Debug */,
				5B564D56279F0F5C0065E08C /* Release */,
			);
			defaultConfigurationIsVisible = 0;
			defaultConfigurationName = Release;
		};
		5B564D57279F0F5C0065E08C /* Build configuration list for PBXNativeTarget "ToneListenTests" */ = {
			isa = XCConfigurationList;
			buildConfigurations = (
				5B564D58279F0F5C0065E08C /* Debug */,
				5B564D59279F0F5C0065E08C /* Release */,
			);
			defaultConfigurationIsVisible = 0;
			defaultConfigurationName = Release;
		};
/* End XCConfigurationList section */

/* Begin XCRemoteSwiftPackageReference section */
		5B564D79279F10A40065E08C /* XCRemoteSwiftPackageReference "AudioKit" */ = {
			isa = XCRemoteSwiftPackageReference;
			repositoryURL = "https://github.com/AudioKit/AudioKit.git";
			requirement = {
				kind = upToNextMajorVersion;
				minimumVersion = 5.0.0;
			};
		};
		5B564D7F279F10BE0065E08C /* XCRemoteSwiftPackageReference "DunneAudioKit" */ = {
			isa = XCRemoteSwiftPackageReference;
			repositoryURL = "https://github.com/AudioKit/DunneAudioKit.git";
			requirement = {
				kind = upToNextMajorVersion;
				minimumVersion = 5.0.0;
			};
		};
		5B564D82279F10C50065E08C /* XCRemoteSwiftPackageReference "KissFFT" */ = {
			isa = XCRemoteSwiftPackageReference;
			repositoryURL = "https://github.com/AudioKit/KissFFT.git";
			requirement = {
				kind = upToNextMajorVersion;
				minimumVersion = 1.0.0;
			};
		};
		5B564D85279F10D40065E08C /* XCRemoteSwiftPackageReference "STKAudioKit" */ = {
			isa = XCRemoteSwiftPackageReference;
			repositoryURL = "https://github.com/AudioKit/STKAudioKit.git";
			requirement = {
				kind = exactVersion;
				version = 5.5.4;
			};
		};
		5B564D88279F10DE0065E08C /* XCRemoteSwiftPackageReference "SoundpipeAudioKit" */ = {
			isa = XCRemoteSwiftPackageReference;
			repositoryURL = "https://github.com/AudioKit/SoundpipeAudioKit.git";
			requirement = {
				kind = upToNextMajorVersion;
				minimumVersion = 5.0.0;
			};
		};
		5B564D8B279F10F60065E08C /* XCRemoteSwiftPackageReference "generic-json-swift" */ = {
			isa = XCRemoteSwiftPackageReference;
			repositoryURL = "https://github.com/zoul/generic-json-swift";
			requirement = {
				branch = master;
				kind = branch;
			};
		};
		5B564D8E279F11030065E08C /* XCRemoteSwiftPackageReference "SwiftLocation" */ = {
			isa = XCRemoteSwiftPackageReference;
			repositoryURL = "https://github.com/malcommac/SwiftLocation";
			requirement = {
				kind = upToNextMajorVersion;
				minimumVersion = 5.0.0;
			};
		};
		5B564DAC279F15170065E08C /* XCRemoteSwiftPackageReference "AudioKitEX" */ = {
			isa = XCRemoteSwiftPackageReference;
			repositoryURL = "https://github.com/AudioKit/AudioKitEX.git";
			requirement = {
				kind = upToNextMajorVersion;
				minimumVersion = 5.0.0;
			};
		};
		9E47BD1D2B591079005FC105 /* XCRemoteSwiftPackageReference "AudioKitUI" */ = {
			isa = XCRemoteSwiftPackageReference;
			repositoryURL = "https://github.com/AudioKit/AudioKitUI.git";
			requirement = {
				kind = exactVersion;
				version = 0.3.6;
			};
		};
/* End XCRemoteSwiftPackageReference section */

/* Begin XCSwiftPackageProductDependency section */
		5B564D7A279F10A40065E08C /* AudioKit */ = {
			isa = XCSwiftPackageProductDependency;
			package = 5B564D79279F10A40065E08C /* XCRemoteSwiftPackageReference "AudioKit" */;
			productName = AudioKit;
		};
		5B564D80279F10BE0065E08C /* DunneAudioKit */ = {
			isa = XCSwiftPackageProductDependency;
			package = 5B564D7F279F10BE0065E08C /* XCRemoteSwiftPackageReference "DunneAudioKit" */;
			productName = DunneAudioKit;
		};
		5B564D83279F10C50065E08C /* KissFFT */ = {
			isa = XCSwiftPackageProductDependency;
			package = 5B564D82279F10C50065E08C /* XCRemoteSwiftPackageReference "KissFFT" */;
			productName = KissFFT;
		};
		5B564D86279F10D40065E08C /* STKAudioKit */ = {
			isa = XCSwiftPackageProductDependency;
			package = 5B564D85279F10D40065E08C /* XCRemoteSwiftPackageReference "STKAudioKit" */;
			productName = STKAudioKit;
		};
		5B564D89279F10DE0065E08C /* SoundpipeAudioKit */ = {
			isa = XCSwiftPackageProductDependency;
			package = 5B564D88279F10DE0065E08C /* XCRemoteSwiftPackageReference "SoundpipeAudioKit" */;
			productName = SoundpipeAudioKit;
		};
		5B564D8C279F10F60065E08C /* GenericJSON */ = {
			isa = XCSwiftPackageProductDependency;
			package = 5B564D8B279F10F60065E08C /* XCRemoteSwiftPackageReference "generic-json-swift" */;
			productName = GenericJSON;
		};
		5B564D90279F11550065E08C /* SwiftLocation */ = {
			isa = XCSwiftPackageProductDependency;
			package = 5B564D8E279F11030065E08C /* XCRemoteSwiftPackageReference "SwiftLocation" */;
			productName = SwiftLocation;
		};
		5B564DAD279F15170065E08C /* AudioKitEX */ = {
			isa = XCSwiftPackageProductDependency;
			package = 5B564DAC279F15170065E08C /* XCRemoteSwiftPackageReference "AudioKitEX" */;
			productName = AudioKitEX;
		};
		9E47BD1E2B591079005FC105 /* AudioKitUI */ = {
			isa = XCSwiftPackageProductDependency;
			package = 9E47BD1D2B591079005FC105 /* XCRemoteSwiftPackageReference "AudioKitUI" */;
			productName = AudioKitUI;
		};
/* End XCSwiftPackageProductDependency section */
	};
	rootObject = 5B564D37279F0F5C0065E08C /* Project object */;
}
